// !$*UTF8*$!
{
	archiveVersion = 1;
	classes = {
	};
	objectVersion = 50;
	objects = {

/* Begin PBXBuildFile section */
		67EC70A31975562746E3A870 /* Pods_Books.framework in Frameworks */ = {isa = PBXBuildFile; fileRef = 3FD1CAEB719E9C906FBC404D /* Pods_Books.framework */; };
		AB1AD1382293D40500409228 /* AppDelegate.swift in Sources */ = {isa = PBXBuildFile; fileRef = AB1AD1372293D40500409228 /* AppDelegate.swift */; };
		AB1AD13A2293D40500409228 /* ViewController.swift in Sources */ = {isa = PBXBuildFile; fileRef = AB1AD1392293D40500409228 /* ViewController.swift */; };
		AB1AD1402293D40500409228 /* Books.xcdatamodeld in Sources */ = {isa = PBXBuildFile; fileRef = AB1AD13E2293D40500409228 /* Books.xcdatamodeld */; };
		AB1AD1422293D40600409228 /* Assets.xcassets in Resources */ = {isa = PBXBuildFile; fileRef = AB1AD1412293D40600409228 /* Assets.xcassets */; };
		AB1AD1452293D40600409228 /* LaunchScreen.storyboard in Resources */ = {isa = PBXBuildFile; fileRef = AB1AD1432293D40600409228 /* LaunchScreen.storyboard */; };
		AB1AD1502293D40600409228 /* BooksTests.swift in Sources */ = {isa = PBXBuildFile; fileRef = AB1AD14F2293D40600409228 /* BooksTests.swift */; };
		AB1AD15E2293D46100409228 /* TabBarViewController.swift in Sources */ = {isa = PBXBuildFile; fileRef = AB1AD15D2293D46100409228 /* TabBarViewController.swift */; };
		AB1AD1602293D55A00409228 /* Flow.swift in Sources */ = {isa = PBXBuildFile; fileRef = AB1AD15F2293D55A00409228 /* Flow.swift */; };
		AB1AD1632293D58400409228 /* SearchFlow.swift in Sources */ = {isa = PBXBuildFile; fileRef = AB1AD1622293D58400409228 /* SearchFlow.swift */; };
		AB1AD1652293D61200409228 /* SearchPresenter.swift in Sources */ = {isa = PBXBuildFile; fileRef = AB1AD1642293D61200409228 /* SearchPresenter.swift */; };
		AB1AD1672293D64C00409228 /* SearchViewController.swift in Sources */ = {isa = PBXBuildFile; fileRef = AB1AD1662293D64B00409228 /* SearchViewController.swift */; };
		AB1AD1692293D73900409228 /* FlowFactory.swift in Sources */ = {isa = PBXBuildFile; fileRef = AB1AD1682293D73900409228 /* FlowFactory.swift */; };
		AB1AD16C2293D7C600409228 /* DataStore.swift in Sources */ = {isa = PBXBuildFile; fileRef = AB1AD16B2293D7C600409228 /* DataStore.swift */; };
		AB1AD16E2293D9CA00409228 /* Result.swift in Sources */ = {isa = PBXBuildFile; fileRef = AB1AD16D2293D9CA00409228 /* Result.swift */; };
		AB1AD1732293DB2600409228 /* NetworkService.swift in Sources */ = {isa = PBXBuildFile; fileRef = AB1AD1722293DB2600409228 /* NetworkService.swift */; };
		AB1AD1772293DE1700409228 /* SearchService.swift in Sources */ = {isa = PBXBuildFile; fileRef = AB1AD1762293DE1700409228 /* SearchService.swift */; };
		AB1AD17C2293E0DB00409228 /* SearchServiceURLBuilderTests.swift in Sources */ = {isa = PBXBuildFile; fileRef = AB1AD17B2293E0DB00409228 /* SearchServiceURLBuilderTests.swift */; };
		AB1AD17F2293E64900409228 /* Book.swift in Sources */ = {isa = PBXBuildFile; fileRef = AB1AD17E2293E64900409228 /* Book.swift */; };
		AB1AD1812293E85F00409228 /* SearchResult.swift in Sources */ = {isa = PBXBuildFile; fileRef = AB1AD1802293E85F00409228 /* SearchResult.swift */; };
		AB1AD1832293EA8100409228 /* SearchServiceTests.swift in Sources */ = {isa = PBXBuildFile; fileRef = AB1AD1822293EA8100409228 /* SearchServiceTests.swift */; };
		AB1AD1862293EAFC00409228 /* MockBookSearchContainer.swift in Sources */ = {isa = PBXBuildFile; fileRef = AB1AD1852293EAFC00409228 /* MockBookSearchContainer.swift */; };
		AB1AD1882293F21500409228 /* BookSearchDisplayItem.swift in Sources */ = {isa = PBXBuildFile; fileRef = AB1AD1872293F21500409228 /* BookSearchDisplayItem.swift */; };
		AB1AD1902293F6D700409228 /* BookSearchResultTableViewCell.swift in Sources */ = {isa = PBXBuildFile; fileRef = AB1AD18F2293F6D700409228 /* BookSearchResultTableViewCell.swift */; };
		AB1AD1932293F70200409228 /* UITableView+CellReuse.swift in Sources */ = {isa = PBXBuildFile; fileRef = AB1AD1922293F70200409228 /* UITableView+CellReuse.swift */; };
		ABDD7712229401B700E7A44C /* LoadingFooterView.swift in Sources */ = {isa = PBXBuildFile; fileRef = ABDD7711229401B700E7A44C /* LoadingFooterView.swift */; };
		ABDD77142294FAF900E7A44C /* NetworkRequest.swift in Sources */ = {isa = PBXBuildFile; fileRef = ABDD77132294FAF900E7A44C /* NetworkRequest.swift */; };
		F88EA6A4AA526A22E80745C0 /* Pods_BooksTests.framework in Frameworks */ = {isa = PBXBuildFile; fileRef = 620B25CD3CC0FBAC5CB4F1D4 /* Pods_BooksTests.framework */; };
/* End PBXBuildFile section */

/* Begin PBXContainerItemProxy section */
		AB1AD14C2293D40600409228 /* PBXContainerItemProxy */ = {
			isa = PBXContainerItemProxy;
			containerPortal = AB1AD12C2293D40500409228 /* Project object */;
			proxyType = 1;
			remoteGlobalIDString = AB1AD1332293D40500409228;
			remoteInfo = Books;
		};
/* End PBXContainerItemProxy section */

/* Begin PBXFileReference section */
		00E861D965EA4406F4560A65 /* Pods-BooksTests.release.xcconfig */ = {isa = PBXFileReference; includeInIndex = 1; lastKnownFileType = text.xcconfig; name = "Pods-BooksTests.release.xcconfig"; path = "Target Support Files/Pods-BooksTests/Pods-BooksTests.release.xcconfig"; sourceTree = "<group>"; };
		32BA56D57DA661B8F8F30DC2 /* Pods-Books.debug.xcconfig */ = {isa = PBXFileReference; includeInIndex = 1; lastKnownFileType = text.xcconfig; name = "Pods-Books.debug.xcconfig"; path = "Target Support Files/Pods-Books/Pods-Books.debug.xcconfig"; sourceTree = "<group>"; };
		3FD1CAEB719E9C906FBC404D /* Pods_Books.framework */ = {isa = PBXFileReference; explicitFileType = wrapper.framework; includeInIndex = 0; path = Pods_Books.framework; sourceTree = BUILT_PRODUCTS_DIR; };
		620B25CD3CC0FBAC5CB4F1D4 /* Pods_BooksTests.framework */ = {isa = PBXFileReference; explicitFileType = wrapper.framework; includeInIndex = 0; path = Pods_BooksTests.framework; sourceTree = BUILT_PRODUCTS_DIR; };
		AB1AD1342293D40500409228 /* Books.app */ = {isa = PBXFileReference; explicitFileType = wrapper.application; includeInIndex = 0; path = Books.app; sourceTree = BUILT_PRODUCTS_DIR; };
		AB1AD1372293D40500409228 /* AppDelegate.swift */ = {isa = PBXFileReference; lastKnownFileType = sourcecode.swift; path = AppDelegate.swift; sourceTree = "<group>"; };
		AB1AD1392293D40500409228 /* ViewController.swift */ = {isa = PBXFileReference; lastKnownFileType = sourcecode.swift; path = ViewController.swift; sourceTree = "<group>"; };
		AB1AD13F2293D40500409228 /* Books.xcdatamodel */ = {isa = PBXFileReference; lastKnownFileType = wrapper.xcdatamodel; path = Books.xcdatamodel; sourceTree = "<group>"; };
		AB1AD1412293D40600409228 /* Assets.xcassets */ = {isa = PBXFileReference; lastKnownFileType = folder.assetcatalog; path = Assets.xcassets; sourceTree = "<group>"; };
		AB1AD1442293D40600409228 /* Base */ = {isa = PBXFileReference; lastKnownFileType = file.storyboard; name = Base; path = Base.lproj/LaunchScreen.storyboard; sourceTree = "<group>"; };
		AB1AD1462293D40600409228 /* Info.plist */ = {isa = PBXFileReference; lastKnownFileType = text.plist.xml; path = Info.plist; sourceTree = "<group>"; };
		AB1AD14B2293D40600409228 /* BooksTests.xctest */ = {isa = PBXFileReference; explicitFileType = wrapper.cfbundle; includeInIndex = 0; path = BooksTests.xctest; sourceTree = BUILT_PRODUCTS_DIR; };
		AB1AD14F2293D40600409228 /* BooksTests.swift */ = {isa = PBXFileReference; lastKnownFileType = sourcecode.swift; path = BooksTests.swift; sourceTree = "<group>"; };
		AB1AD1512293D40600409228 /* Info.plist */ = {isa = PBXFileReference; lastKnownFileType = text.plist.xml; path = Info.plist; sourceTree = "<group>"; };
		AB1AD15D2293D46100409228 /* TabBarViewController.swift */ = {isa = PBXFileReference; lastKnownFileType = sourcecode.swift; path = TabBarViewController.swift; sourceTree = "<group>"; };
		AB1AD15F2293D55A00409228 /* Flow.swift */ = {isa = PBXFileReference; lastKnownFileType = sourcecode.swift; path = Flow.swift; sourceTree = "<group>"; };
		AB1AD1622293D58400409228 /* SearchFlow.swift */ = {isa = PBXFileReference; lastKnownFileType = sourcecode.swift; path = SearchFlow.swift; sourceTree = "<group>"; };
		AB1AD1642293D61200409228 /* SearchPresenter.swift */ = {isa = PBXFileReference; lastKnownFileType = sourcecode.swift; path = SearchPresenter.swift; sourceTree = "<group>"; };
		AB1AD1662293D64B00409228 /* SearchViewController.swift */ = {isa = PBXFileReference; lastKnownFileType = sourcecode.swift; path = SearchViewController.swift; sourceTree = "<group>"; };
		AB1AD1682293D73900409228 /* FlowFactory.swift */ = {isa = PBXFileReference; lastKnownFileType = sourcecode.swift; path = FlowFactory.swift; sourceTree = "<group>"; };
		AB1AD16B2293D7C600409228 /* DataStore.swift */ = {isa = PBXFileReference; lastKnownFileType = sourcecode.swift; path = DataStore.swift; sourceTree = "<group>"; };
		AB1AD16D2293D9CA00409228 /* Result.swift */ = {isa = PBXFileReference; lastKnownFileType = sourcecode.swift; path = Result.swift; sourceTree = "<group>"; };
		AB1AD1722293DB2600409228 /* NetworkService.swift */ = {isa = PBXFileReference; lastKnownFileType = sourcecode.swift; path = NetworkService.swift; sourceTree = "<group>"; };
		AB1AD1762293DE1700409228 /* SearchService.swift */ = {isa = PBXFileReference; lastKnownFileType = sourcecode.swift; path = SearchService.swift; sourceTree = "<group>"; };
		AB1AD17B2293E0DB00409228 /* SearchServiceURLBuilderTests.swift */ = {isa = PBXFileReference; lastKnownFileType = sourcecode.swift; path = SearchServiceURLBuilderTests.swift; sourceTree = "<group>"; };
		AB1AD17E2293E64900409228 /* Book.swift */ = {isa = PBXFileReference; lastKnownFileType = sourcecode.swift; path = Book.swift; sourceTree = "<group>"; };
		AB1AD1802293E85F00409228 /* SearchResult.swift */ = {isa = PBXFileReference; lastKnownFileType = sourcecode.swift; path = SearchResult.swift; sourceTree = "<group>"; };
		AB1AD1822293EA8100409228 /* SearchServiceTests.swift */ = {isa = PBXFileReference; lastKnownFileType = sourcecode.swift; path = SearchServiceTests.swift; sourceTree = "<group>"; };
		AB1AD1852293EAFC00409228 /* MockBookSearchContainer.swift */ = {isa = PBXFileReference; lastKnownFileType = sourcecode.swift; path = MockBookSearchContainer.swift; sourceTree = "<group>"; };
		AB1AD1872293F21500409228 /* BookSearchDisplayItem.swift */ = {isa = PBXFileReference; lastKnownFileType = sourcecode.swift; path = BookSearchDisplayItem.swift; sourceTree = "<group>"; };
		AB1AD18F2293F6D700409228 /* BookSearchResultTableViewCell.swift */ = {isa = PBXFileReference; lastKnownFileType = sourcecode.swift; path = BookSearchResultTableViewCell.swift; sourceTree = "<group>"; };
		AB1AD1922293F70200409228 /* UITableView+CellReuse.swift */ = {isa = PBXFileReference; lastKnownFileType = sourcecode.swift; path = "UITableView+CellReuse.swift"; sourceTree = "<group>"; };
		ABDD7711229401B700E7A44C /* LoadingFooterView.swift */ = {isa = PBXFileReference; lastKnownFileType = sourcecode.swift; path = LoadingFooterView.swift; sourceTree = "<group>"; };
		ABDD77132294FAF900E7A44C /* NetworkRequest.swift */ = {isa = PBXFileReference; lastKnownFileType = sourcecode.swift; path = NetworkRequest.swift; sourceTree = "<group>"; };
		BECF0889A516A3BBD6E3947C /* Pods-Books.release.xcconfig */ = {isa = PBXFileReference; includeInIndex = 1; lastKnownFileType = text.xcconfig; name = "Pods-Books.release.xcconfig"; path = "Target Support Files/Pods-Books/Pods-Books.release.xcconfig"; sourceTree = "<group>"; };
		E3D3A7F48C0D2D8B7CD583D2 /* Pods-BooksTests.debug.xcconfig */ = {isa = PBXFileReference; includeInIndex = 1; lastKnownFileType = text.xcconfig; name = "Pods-BooksTests.debug.xcconfig"; path = "Target Support Files/Pods-BooksTests/Pods-BooksTests.debug.xcconfig"; sourceTree = "<group>"; };
/* End PBXFileReference section */

/* Begin PBXFrameworksBuildPhase section */
		AB1AD1312293D40500409228 /* Frameworks */ = {
			isa = PBXFrameworksBuildPhase;
			buildActionMask = 2147483647;
			files = (
				67EC70A31975562746E3A870 /* Pods_Books.framework in Frameworks */,
			);
			runOnlyForDeploymentPostprocessing = 0;
		};
		AB1AD1482293D40600409228 /* Frameworks */ = {
			isa = PBXFrameworksBuildPhase;
			buildActionMask = 2147483647;
			files = (
				F88EA6A4AA526A22E80745C0 /* Pods_BooksTests.framework in Frameworks */,
			);
			runOnlyForDeploymentPostprocessing = 0;
		};
/* End PBXFrameworksBuildPhase section */

/* Begin PBXGroup section */
		30792C835D875CFAD195DEE7 /* Frameworks */ = {
			isa = PBXGroup;
			children = (
				3FD1CAEB719E9C906FBC404D /* Pods_Books.framework */,
				620B25CD3CC0FBAC5CB4F1D4 /* Pods_BooksTests.framework */,
			);
			name = Frameworks;
			sourceTree = "<group>";
		};
		AB1AD12B2293D40500409228 = {
			isa = PBXGroup;
			children = (
				AB1AD1362293D40500409228 /* Books */,
				AB1AD14E2293D40600409228 /* BooksTests */,
				AB1AD1352293D40500409228 /* Products */,
				B88F8C216840A68914EC95D0 /* Pods */,
				30792C835D875CFAD195DEE7 /* Frameworks */,
			);
			sourceTree = "<group>";
		};
		AB1AD1352293D40500409228 /* Products */ = {
			isa = PBXGroup;
			children = (
				AB1AD1342293D40500409228 /* Books.app */,
				AB1AD14B2293D40600409228 /* BooksTests.xctest */,
			);
			name = Products;
			sourceTree = "<group>";
		};
		AB1AD1362293D40500409228 /* Books */ = {
			isa = PBXGroup;
			children = (
				AB1AD1912293F6F600409228 /* Extensions */,
				AB1AD17D2293E63E00409228 /* Models */,
				AB1AD16F2293DB1000409228 /* Networking */,
				AB1AD16A2293D7BC00409228 /* Database */,
				AB1AD15C2293D44700409228 /* Core */,
				AB1AD15B2293D43000409228 /* Wish List */,
				AB1AD15A2293D42A00409228 /* Search */,
				AB1AD1372293D40500409228 /* AppDelegate.swift */,
				AB1AD1412293D40600409228 /* Assets.xcassets */,
				AB1AD1432293D40600409228 /* LaunchScreen.storyboard */,
				AB1AD1462293D40600409228 /* Info.plist */,
				AB1AD13E2293D40500409228 /* Books.xcdatamodeld */,
			);
			path = Books;
			sourceTree = "<group>";
		};
		AB1AD14E2293D40600409228 /* BooksTests */ = {
			isa = PBXGroup;
			children = (
				AB1AD1842293EAF300409228 /* Mocks */,
				AB1AD17A2293E0CB00409228 /* Search */,
				AB1AD14F2293D40600409228 /* BooksTests.swift */,
				AB1AD1512293D40600409228 /* Info.plist */,
			);
			path = BooksTests;
			sourceTree = "<group>";
		};
		AB1AD15A2293D42A00409228 /* Search */ = {
			isa = PBXGroup;
			children = (
				AB1AD18D2293F69E00409228 /* Presenters */,
				AB1AD18C2293F69600409228 /* Services */,
				AB1AD18B2293F68D00409228 /* Views */,
				AB1AD18A2293F68400409228 /* Flows */,
				AB1AD1892293F67900409228 /* Models */,
			);
			path = Search;
			sourceTree = "<group>";
		};
		AB1AD15B2293D43000409228 /* Wish List */ = {
			isa = PBXGroup;
			children = (
			);
			path = "Wish List";
			sourceTree = "<group>";
		};
		AB1AD15C2293D44700409228 /* Core */ = {
			isa = PBXGroup;
			children = (
				AB1AD18E2293F6B700409228 /* Flows */,
				AB1AD1612293D57400409228 /* Views */,
				AB1AD16D2293D9CA00409228 /* Result.swift */,
			);
			path = Core;
			sourceTree = "<group>";
		};
		AB1AD1612293D57400409228 /* Views */ = {
			isa = PBXGroup;
			children = (
				AB1AD1392293D40500409228 /* ViewController.swift */,
				AB1AD15D2293D46100409228 /* TabBarViewController.swift */,
				ABDD7711229401B700E7A44C /* LoadingFooterView.swift */,
			);
			path = Views;
			sourceTree = "<group>";
		};
		AB1AD16A2293D7BC00409228 /* Database */ = {
			isa = PBXGroup;
			children = (
				AB1AD16B2293D7C600409228 /* DataStore.swift */,
			);
			path = Database;
			sourceTree = "<group>";
		};
		AB1AD16F2293DB1000409228 /* Networking */ = {
			isa = PBXGroup;
			children = (
				AB1AD1722293DB2600409228 /* NetworkService.swift */,
				ABDD77132294FAF900E7A44C /* NetworkRequest.swift */,
			);
			path = Networking;
			sourceTree = "<group>";
		};
		AB1AD17A2293E0CB00409228 /* Search */ = {
			isa = PBXGroup;
			children = (
				AB1AD17B2293E0DB00409228 /* SearchServiceURLBuilderTests.swift */,
				AB1AD1822293EA8100409228 /* SearchServiceTests.swift */,
			);
			path = Search;
			sourceTree = "<group>";
		};
		AB1AD17D2293E63E00409228 /* Models */ = {
			isa = PBXGroup;
			children = (
				AB1AD17E2293E64900409228 /* Book.swift */,
			);
			path = Models;
			sourceTree = "<group>";
		};
		AB1AD1842293EAF300409228 /* Mocks */ = {
			isa = PBXGroup;
			children = (
				AB1AD1852293EAFC00409228 /* MockBookSearchContainer.swift */,
			);
			path = Mocks;
			sourceTree = "<group>";
		};
		AB1AD1892293F67900409228 /* Models */ = {
			isa = PBXGroup;
			children = (
				AB1AD1802293E85F00409228 /* SearchResult.swift */,
				AB1AD1872293F21500409228 /* BookSearchDisplayItem.swift */,
			);
			path = Models;
			sourceTree = "<group>";
		};
		AB1AD18A2293F68400409228 /* Flows */ = {
			isa = PBXGroup;
			children = (
				AB1AD1622293D58400409228 /* SearchFlow.swift */,
			);
			path = Flows;
			sourceTree = "<group>";
		};
		AB1AD18B2293F68D00409228 /* Views */ = {
			isa = PBXGroup;
			children = (
				AB1AD1662293D64B00409228 /* SearchViewController.swift */,
				AB1AD18F2293F6D700409228 /* BookSearchResultTableViewCell.swift */,
			);
			path = Views;
			sourceTree = "<group>";
		};
		AB1AD18C2293F69600409228 /* Services */ = {
			isa = PBXGroup;
			children = (
				AB1AD1762293DE1700409228 /* SearchService.swift */,
			);
			path = Services;
			sourceTree = "<group>";
		};
		AB1AD18D2293F69E00409228 /* Presenters */ = {
			isa = PBXGroup;
			children = (
				AB1AD1642293D61200409228 /* SearchPresenter.swift */,
			);
			path = Presenters;
			sourceTree = "<group>";
		};
		AB1AD18E2293F6B700409228 /* Flows */ = {
			isa = PBXGroup;
			children = (
				AB1AD15F2293D55A00409228 /* Flow.swift */,
				AB1AD1682293D73900409228 /* FlowFactory.swift */,
			);
			path = Flows;
			sourceTree = "<group>";
		};
		AB1AD1912293F6F600409228 /* Extensions */ = {
			isa = PBXGroup;
			children = (
				AB1AD1922293F70200409228 /* UITableView+CellReuse.swift */,
			);
			path = Extensions;
			sourceTree = "<group>";
		};
		B88F8C216840A68914EC95D0 /* Pods */ = {
			isa = PBXGroup;
			children = (
				32BA56D57DA661B8F8F30DC2 /* Pods-Books.debug.xcconfig */,
				BECF0889A516A3BBD6E3947C /* Pods-Books.release.xcconfig */,
				E3D3A7F48C0D2D8B7CD583D2 /* Pods-BooksTests.debug.xcconfig */,
				00E861D965EA4406F4560A65 /* Pods-BooksTests.release.xcconfig */,
			);
			path = Pods;
			sourceTree = "<group>";
		};
/* End PBXGroup section */

/* Begin PBXNativeTarget section */
		AB1AD1332293D40500409228 /* Books */ = {
			isa = PBXNativeTarget;
			buildConfigurationList = AB1AD1542293D40600409228 /* Build configuration list for PBXNativeTarget "Books" */;
			buildPhases = (
				222F786282D3B6810610F329 /* [CP] Check Pods Manifest.lock */,
				AB1AD1302293D40500409228 /* Sources */,
				AB1AD1312293D40500409228 /* Frameworks */,
				AB1AD1322293D40500409228 /* Resources */,
				B3782391DA233CFBE9C87F2A /* [CP] Embed Pods Frameworks */,
			);
			buildRules = (
			);
			dependencies = (
			);
			name = Books;
			productName = Books;
			productReference = AB1AD1342293D40500409228 /* Books.app */;
			productType = "com.apple.product-type.application";
		};
		AB1AD14A2293D40600409228 /* BooksTests */ = {
			isa = PBXNativeTarget;
			buildConfigurationList = AB1AD1572293D40600409228 /* Build configuration list for PBXNativeTarget "BooksTests" */;
			buildPhases = (
				896979D2F0895C2D9D89962D /* [CP] Check Pods Manifest.lock */,
				AB1AD1472293D40600409228 /* Sources */,
				AB1AD1482293D40600409228 /* Frameworks */,
				AB1AD1492293D40600409228 /* Resources */,
			);
			buildRules = (
			);
			dependencies = (
				AB1AD14D2293D40600409228 /* PBXTargetDependency */,
			);
			name = BooksTests;
			productName = BooksTests;
			productReference = AB1AD14B2293D40600409228 /* BooksTests.xctest */;
			productType = "com.apple.product-type.bundle.unit-test";
		};
/* End PBXNativeTarget section */

/* Begin PBXProject section */
		AB1AD12C2293D40500409228 /* Project object */ = {
			isa = PBXProject;
			attributes = {
				LastSwiftUpdateCheck = 1020;
				LastUpgradeCheck = 1020;
				ORGANIZATIONNAME = "Spencer Prescott";
				TargetAttributes = {
					AB1AD1332293D40500409228 = {
						CreatedOnToolsVersion = 10.2.1;
					};
					AB1AD14A2293D40600409228 = {
						CreatedOnToolsVersion = 10.2.1;
						TestTargetID = AB1AD1332293D40500409228;
					};
				};
			};
			buildConfigurationList = AB1AD12F2293D40500409228 /* Build configuration list for PBXProject "Books" */;
			compatibilityVersion = "Xcode 9.3";
			developmentRegion = en;
			hasScannedForEncodings = 0;
			knownRegions = (
				en,
				Base,
			);
			mainGroup = AB1AD12B2293D40500409228;
			productRefGroup = AB1AD1352293D40500409228 /* Products */;
			projectDirPath = "";
			projectRoot = "";
			targets = (
				AB1AD1332293D40500409228 /* Books */,
				AB1AD14A2293D40600409228 /* BooksTests */,
			);
		};
/* End PBXProject section */

/* Begin PBXResourcesBuildPhase section */
		AB1AD1322293D40500409228 /* Resources */ = {
			isa = PBXResourcesBuildPhase;
			buildActionMask = 2147483647;
			files = (
				AB1AD1452293D40600409228 /* LaunchScreen.storyboard in Resources */,
				AB1AD1422293D40600409228 /* Assets.xcassets in Resources */,
			);
			runOnlyForDeploymentPostprocessing = 0;
		};
		AB1AD1492293D40600409228 /* Resources */ = {
			isa = PBXResourcesBuildPhase;
			buildActionMask = 2147483647;
			files = (
			);
			runOnlyForDeploymentPostprocessing = 0;
		};
/* End PBXResourcesBuildPhase section */

/* Begin PBXShellScriptBuildPhase section */
		222F786282D3B6810610F329 /* [CP] Check Pods Manifest.lock */ = {
			isa = PBXShellScriptBuildPhase;
			buildActionMask = 2147483647;
			files = (
			);
			inputFileListPaths = (
			);
			inputPaths = (
				"${PODS_PODFILE_DIR_PATH}/Podfile.lock",
				"${PODS_ROOT}/Manifest.lock",
			);
			name = "[CP] Check Pods Manifest.lock";
			outputFileListPaths = (
			);
			outputPaths = (
				"$(DERIVED_FILE_DIR)/Pods-Books-checkManifestLockResult.txt",
			);
			runOnlyForDeploymentPostprocessing = 0;
			shellPath = /bin/sh;
			shellScript = "diff \"${PODS_PODFILE_DIR_PATH}/Podfile.lock\" \"${PODS_ROOT}/Manifest.lock\" > /dev/null\nif [ $? != 0 ] ; then\n    # print error to STDERR\n    echo \"error: The sandbox is not in sync with the Podfile.lock. Run 'pod install' or update your CocoaPods installation.\" >&2\n    exit 1\nfi\n# This output is used by Xcode 'outputs' to avoid re-running this script phase.\necho \"SUCCESS\" > \"${SCRIPT_OUTPUT_FILE_0}\"\n";
			showEnvVarsInLog = 0;
		};
		896979D2F0895C2D9D89962D /* [CP] Check Pods Manifest.lock */ = {
			isa = PBXShellScriptBuildPhase;
			buildActionMask = 2147483647;
			files = (
			);
			inputFileListPaths = (
			);
			inputPaths = (
				"${PODS_PODFILE_DIR_PATH}/Podfile.lock",
				"${PODS_ROOT}/Manifest.lock",
			);
			name = "[CP] Check Pods Manifest.lock";
			outputFileListPaths = (
			);
			outputPaths = (
				"$(DERIVED_FILE_DIR)/Pods-BooksTests-checkManifestLockResult.txt",
			);
			runOnlyForDeploymentPostprocessing = 0;
			shellPath = /bin/sh;
			shellScript = "diff \"${PODS_PODFILE_DIR_PATH}/Podfile.lock\" \"${PODS_ROOT}/Manifest.lock\" > /dev/null\nif [ $? != 0 ] ; then\n    # print error to STDERR\n    echo \"error: The sandbox is not in sync with the Podfile.lock. Run 'pod install' or update your CocoaPods installation.\" >&2\n    exit 1\nfi\n# This output is used by Xcode 'outputs' to avoid re-running this script phase.\necho \"SUCCESS\" > \"${SCRIPT_OUTPUT_FILE_0}\"\n";
			showEnvVarsInLog = 0;
		};
		B3782391DA233CFBE9C87F2A /* [CP] Embed Pods Frameworks */ = {
			isa = PBXShellScriptBuildPhase;
			buildActionMask = 2147483647;
			files = (
			);
			inputFileListPaths = (
			);
			inputPaths = (
				"${PODS_ROOT}/Target Support Files/Pods-Books/Pods-Books-frameworks.sh",
				"${BUILT_PRODUCTS_DIR}/Kingfisher/Kingfisher.framework",
				"${BUILT_PRODUCTS_DIR}/SnapKit/SnapKit.framework",
			);
			name = "[CP] Embed Pods Frameworks";
			outputFileListPaths = (
			);
			outputPaths = (
				"${TARGET_BUILD_DIR}/${FRAMEWORKS_FOLDER_PATH}/Kingfisher.framework",
				"${TARGET_BUILD_DIR}/${FRAMEWORKS_FOLDER_PATH}/SnapKit.framework",
			);
			runOnlyForDeploymentPostprocessing = 0;
			shellPath = /bin/sh;
			shellScript = "\"${PODS_ROOT}/Target Support Files/Pods-Books/Pods-Books-frameworks.sh\"\n";
			showEnvVarsInLog = 0;
		};
/* End PBXShellScriptBuildPhase section */

/* Begin PBXSourcesBuildPhase section */
		AB1AD1302293D40500409228 /* Sources */ = {
			isa = PBXSourcesBuildPhase;
			buildActionMask = 2147483647;
			files = (
				AB1AD1772293DE1700409228 /* SearchService.swift in Sources */,
				AB1AD15E2293D46100409228 /* TabBarViewController.swift in Sources */,
				AB1AD17F2293E64900409228 /* Book.swift in Sources */,
				AB1AD1602293D55A00409228 /* Flow.swift in Sources */,
				AB1AD1692293D73900409228 /* FlowFactory.swift in Sources */,
				AB1AD16C2293D7C600409228 /* DataStore.swift in Sources */,
				AB1AD1672293D64C00409228 /* SearchViewController.swift in Sources */,
				ABDD7712229401B700E7A44C /* LoadingFooterView.swift in Sources */,
				AB1AD13A2293D40500409228 /* ViewController.swift in Sources */,
				AB1AD1632293D58400409228 /* SearchFlow.swift in Sources */,
				AB1AD1882293F21500409228 /* BookSearchDisplayItem.swift in Sources */,
				AB1AD1402293D40500409228 /* Books.xcdatamodeld in Sources */,
				AB1AD1382293D40500409228 /* AppDelegate.swift in Sources */,
				AB1AD1812293E85F00409228 /* SearchResult.swift in Sources */,
				ABDD77142294FAF900E7A44C /* NetworkRequest.swift in Sources */,
				AB1AD1902293F6D700409228 /* BookSearchResultTableViewCell.swift in Sources */,
				AB1AD1652293D61200409228 /* SearchPresenter.swift in Sources */,
				AB1AD1732293DB2600409228 /* NetworkService.swift in Sources */,
				AB1AD1932293F70200409228 /* UITableView+CellReuse.swift in Sources */,
				AB1AD16E2293D9CA00409228 /* Result.swift in Sources */,
			);
			runOnlyForDeploymentPostprocessing = 0;
		};
		AB1AD1472293D40600409228 /* Sources */ = {
			isa = PBXSourcesBuildPhase;
			buildActionMask = 2147483647;
			files = (
				AB1AD1832293EA8100409228 /* SearchServiceTests.swift in Sources */,
				AB1AD17C2293E0DB00409228 /* SearchServiceURLBuilderTests.swift in Sources */,
				AB1AD1862293EAFC00409228 /* MockBookSearchContainer.swift in Sources */,
				AB1AD1502293D40600409228 /* BooksTests.swift in Sources */,
			);
			runOnlyForDeploymentPostprocessing = 0;
		};
/* End PBXSourcesBuildPhase section */

/* Begin PBXTargetDependency section */
		AB1AD14D2293D40600409228 /* PBXTargetDependency */ = {
			isa = PBXTargetDependency;
			target = AB1AD1332293D40500409228 /* Books */;
			targetProxy = AB1AD14C2293D40600409228 /* PBXContainerItemProxy */;
		};
/* End PBXTargetDependency section */

/* Begin PBXVariantGroup section */
		AB1AD1432293D40600409228 /* LaunchScreen.storyboard */ = {
			isa = PBXVariantGroup;
			children = (
				AB1AD1442293D40600409228 /* Base */,
			);
			name = LaunchScreen.storyboard;
			sourceTree = "<group>";
		};
/* End PBXVariantGroup section */

/* Begin XCBuildConfiguration section */
		AB1AD1522293D40600409228 /* Debug */ = {
			isa = XCBuildConfiguration;
			buildSettings = {
				ALWAYS_SEARCH_USER_PATHS = NO;
				CLANG_ANALYZER_NONNULL = YES;
				CLANG_ANALYZER_NUMBER_OBJECT_CONVERSION = YES_AGGRESSIVE;
				CLANG_CXX_LANGUAGE_STANDARD = "gnu++14";
				CLANG_CXX_LIBRARY = "libc++";
				CLANG_ENABLE_MODULES = YES;
				CLANG_ENABLE_OBJC_ARC = YES;
				CLANG_ENABLE_OBJC_WEAK = YES;
				CLANG_WARN_BLOCK_CAPTURE_AUTORELEASING = YES;
				CLANG_WARN_BOOL_CONVERSION = YES;
				CLANG_WARN_COMMA = YES;
				CLANG_WARN_CONSTANT_CONVERSION = YES;
				CLANG_WARN_DEPRECATED_OBJC_IMPLEMENTATIONS = YES;
				CLANG_WARN_DIRECT_OBJC_ISA_USAGE = YES_ERROR;
				CLANG_WARN_DOCUMENTATION_COMMENTS = YES;
				CLANG_WARN_EMPTY_BODY = YES;
				CLANG_WARN_ENUM_CONVERSION = YES;
				CLANG_WARN_INFINITE_RECURSION = YES;
				CLANG_WARN_INT_CONVERSION = YES;
				CLANG_WARN_NON_LITERAL_NULL_CONVERSION = YES;
				CLANG_WARN_OBJC_IMPLICIT_RETAIN_SELF = YES;
				CLANG_WARN_OBJC_LITERAL_CONVERSION = YES;
				CLANG_WARN_OBJC_ROOT_CLASS = YES_ERROR;
				CLANG_WARN_RANGE_LOOP_ANALYSIS = YES;
				CLANG_WARN_STRICT_PROTOTYPES = YES;
				CLANG_WARN_SUSPICIOUS_MOVE = YES;
				CLANG_WARN_UNGUARDED_AVAILABILITY = YES_AGGRESSIVE;
				CLANG_WARN_UNREACHABLE_CODE = YES;
				CLANG_WARN__DUPLICATE_METHOD_MATCH = YES;
				CODE_SIGN_IDENTITY = "iPhone Developer";
				COPY_PHASE_STRIP = NO;
				DEBUG_INFORMATION_FORMAT = dwarf;
				ENABLE_STRICT_OBJC_MSGSEND = YES;
				ENABLE_TESTABILITY = YES;
				GCC_C_LANGUAGE_STANDARD = gnu11;
				GCC_DYNAMIC_NO_PIC = NO;
				GCC_NO_COMMON_BLOCKS = YES;
				GCC_OPTIMIZATION_LEVEL = 0;
				GCC_PREPROCESSOR_DEFINITIONS = (
					"DEBUG=1",
					"$(inherited)",
				);
				GCC_WARN_64_TO_32_BIT_CONVERSION = YES;
				GCC_WARN_ABOUT_RETURN_TYPE = YES_ERROR;
				GCC_WARN_UNDECLARED_SELECTOR = YES;
				GCC_WARN_UNINITIALIZED_AUTOS = YES_AGGRESSIVE;
				GCC_WARN_UNUSED_FUNCTION = YES;
				GCC_WARN_UNUSED_VARIABLE = YES;
				IPHONEOS_DEPLOYMENT_TARGET = 12.2;
				MTL_ENABLE_DEBUG_INFO = INCLUDE_SOURCE;
				MTL_FAST_MATH = YES;
				ONLY_ACTIVE_ARCH = YES;
				SDKROOT = iphoneos;
				SWIFT_ACTIVE_COMPILATION_CONDITIONS = DEBUG;
				SWIFT_OPTIMIZATION_LEVEL = "-Onone";
			};
			name = Debug;
		};
		AB1AD1532293D40600409228 /* Release */ = {
			isa = XCBuildConfiguration;
			buildSettings = {
				ALWAYS_SEARCH_USER_PATHS = NO;
				CLANG_ANALYZER_NONNULL = YES;
				CLANG_ANALYZER_NUMBER_OBJECT_CONVERSION = YES_AGGRESSIVE;
				CLANG_CXX_LANGUAGE_STANDARD = "gnu++14";
				CLANG_CXX_LIBRARY = "libc++";
				CLANG_ENABLE_MODULES = YES;
				CLANG_ENABLE_OBJC_ARC = YES;
				CLANG_ENABLE_OBJC_WEAK = YES;
				CLANG_WARN_BLOCK_CAPTURE_AUTORELEASING = YES;
				CLANG_WARN_BOOL_CONVERSION = YES;
				CLANG_WARN_COMMA = YES;
				CLANG_WARN_CONSTANT_CONVERSION = YES;
				CLANG_WARN_DEPRECATED_OBJC_IMPLEMENTATIONS = YES;
				CLANG_WARN_DIRECT_OBJC_ISA_USAGE = YES_ERROR;
				CLANG_WARN_DOCUMENTATION_COMMENTS = YES;
				CLANG_WARN_EMPTY_BODY = YES;
				CLANG_WARN_ENUM_CONVERSION = YES;
				CLANG_WARN_INFINITE_RECURSION = YES;
				CLANG_WARN_INT_CONVERSION = YES;
				CLANG_WARN_NON_LITERAL_NULL_CONVERSION = YES;
				CLANG_WARN_OBJC_IMPLICIT_RETAIN_SELF = YES;
				CLANG_WARN_OBJC_LITERAL_CONVERSION = YES;
				CLANG_WARN_OBJC_ROOT_CLASS = YES_ERROR;
				CLANG_WARN_RANGE_LOOP_ANALYSIS = YES;
				CLANG_WARN_STRICT_PROTOTYPES = YES;
				CLANG_WARN_SUSPICIOUS_MOVE = YES;
				CLANG_WARN_UNGUARDED_AVAILABILITY = YES_AGGRESSIVE;
				CLANG_WARN_UNREACHABLE_CODE = YES;
				CLANG_WARN__DUPLICATE_METHOD_MATCH = YES;
				CODE_SIGN_IDENTITY = "iPhone Developer";
				COPY_PHASE_STRIP = NO;
				DEBUG_INFORMATION_FORMAT = "dwarf-with-dsym";
				ENABLE_NS_ASSERTIONS = NO;
				ENABLE_STRICT_OBJC_MSGSEND = YES;
				GCC_C_LANGUAGE_STANDARD = gnu11;
				GCC_NO_COMMON_BLOCKS = YES;
				GCC_WARN_64_TO_32_BIT_CONVERSION = YES;
				GCC_WARN_ABOUT_RETURN_TYPE = YES_ERROR;
				GCC_WARN_UNDECLARED_SELECTOR = YES;
				GCC_WARN_UNINITIALIZED_AUTOS = YES_AGGRESSIVE;
				GCC_WARN_UNUSED_FUNCTION = YES;
				GCC_WARN_UNUSED_VARIABLE = YES;
				IPHONEOS_DEPLOYMENT_TARGET = 12.2;
				MTL_ENABLE_DEBUG_INFO = NO;
				MTL_FAST_MATH = YES;
				SDKROOT = iphoneos;
				SWIFT_COMPILATION_MODE = wholemodule;
				SWIFT_OPTIMIZATION_LEVEL = "-O";
				VALIDATE_PRODUCT = YES;
			};
			name = Release;
		};
		AB1AD1552293D40600409228 /* Debug */ = {
			isa = XCBuildConfiguration;
			baseConfigurationReference = 32BA56D57DA661B8F8F30DC2 /* Pods-Books.debug.xcconfig */;
			buildSettings = {
				ASSETCATALOG_COMPILER_APPICON_NAME = AppIcon;
				CODE_SIGN_STYLE = Automatic;
				DEVELOPMENT_TEAM = 567A3GYVYA;
				INFOPLIST_FILE = Books/Info.plist;
				LD_RUNPATH_SEARCH_PATHS = (
					"$(inherited)",
					"@executable_path/Frameworks",
				);
				PRODUCT_BUNDLE_IDENTIFIER = com.spencerprescott.Books;
				PRODUCT_NAME = "$(TARGET_NAME)";
				SWIFT_VERSION = 4.0;
				TARGETED_DEVICE_FAMILY = "1,2";
			};
			name = Debug;
		};
		AB1AD1562293D40600409228 /* Release */ = {
			isa = XCBuildConfiguration;
			baseConfigurationReference = BECF0889A516A3BBD6E3947C /* Pods-Books.release.xcconfig */;
			buildSettings = {
				ASSETCATALOG_COMPILER_APPICON_NAME = AppIcon;
				CODE_SIGN_STYLE = Automatic;
				DEVELOPMENT_TEAM = 567A3GYVYA;
				INFOPLIST_FILE = Books/Info.plist;
				LD_RUNPATH_SEARCH_PATHS = (
					"$(inherited)",
					"@executable_path/Frameworks",
				);
				PRODUCT_BUNDLE_IDENTIFIER = com.spencerprescott.Books;
				PRODUCT_NAME = "$(TARGET_NAME)";
				SWIFT_VERSION = 4.0;
				TARGETED_DEVICE_FAMILY = "1,2";
			};
			name = Release;
		};
		AB1AD1582293D40600409228 /* Debug */ = {
			isa = XCBuildConfiguration;
			baseConfigurationReference = E3D3A7F48C0D2D8B7CD583D2 /* Pods-BooksTests.debug.xcconfig */;
			buildSettings = {
				ALWAYS_EMBED_SWIFT_STANDARD_LIBRARIES = YES;
				BUNDLE_LOADER = "$(TEST_HOST)";
				CODE_SIGN_STYLE = Automatic;
				DEVELOPMENT_TEAM = 567A3GYVYA;
				INFOPLIST_FILE = BooksTests/Info.plist;
				LD_RUNPATH_SEARCH_PATHS = (
					"$(inherited)",
					"@executable_path/Frameworks",
					"@loader_path/Frameworks",
				);
				PRODUCT_BUNDLE_IDENTIFIER = com.spencerprescott.BooksTests;
				PRODUCT_NAME = "$(TARGET_NAME)";
				SWIFT_VERSION = 5.0;
				TARGETED_DEVICE_FAMILY = "1,2";
				TEST_HOST = "$(BUILT_PRODUCTS_DIR)/Books.app/Books";
			};
			name = Debug;
		};
		AB1AD1592293D40600409228 /* Release */ = {
			isa = XCBuildConfiguration;
			baseConfigurationReference = 00E861D965EA4406F4560A65 /* Pods-BooksTests.release.xcconfig */;
			buildSettings = {
				ALWAYS_EMBED_SWIFT_STANDARD_LIBRARIES = YES;
				BUNDLE_LOADER = "$(TEST_HOST)";
				CODE_SIGN_STYLE = Automatic;
				DEVELOPMENT_TEAM = 567A3GYVYA;
				INFOPLIST_FILE = BooksTests/Info.plist;
				LD_RUNPATH_SEARCH_PATHS = (
					"$(inherited)",
					"@executable_path/Frameworks",
					"@loader_path/Frameworks",
				);
				PRODUCT_BUNDLE_IDENTIFIER = com.spencerprescott.BooksTests;
				PRODUCT_NAME = "$(TARGET_NAME)";
				SWIFT_VERSION = 5.0;
				TARGETED_DEVICE_FAMILY = "1,2";
				TEST_HOST = "$(BUILT_PRODUCTS_DIR)/Books.app/Books";
			};
			name = Release;
		};
/* End XCBuildConfiguration section */

/* Begin XCConfigurationList section */
		AB1AD12F2293D40500409228 /* Build configuration list for PBXProject "Books" */ = {
			isa = XCConfigurationList;
			buildConfigurations = (
				AB1AD1522293D40600409228 /* Debug */,
				AB1AD1532293D40600409228 /* Release */,
			);
			defaultConfigurationIsVisible = 0;
			defaultConfigurationName = Release;
		};
		AB1AD1542293D40600409228 /* Build configuration list for PBXNativeTarget "Books" */ = {
			isa = XCConfigurationList;
			buildConfigurations = (
				AB1AD1552293D40600409228 /* Debug */,
				AB1AD1562293D40600409228 /* Release */,
			);
			defaultConfigurationIsVisible = 0;
			defaultConfigurationName = Release;
		};
		AB1AD1572293D40600409228 /* Build configuration list for PBXNativeTarget "BooksTests" */ = {
			isa = XCConfigurationList;
			buildConfigurations = (
				AB1AD1582293D40600409228 /* Debug */,
				AB1AD1592293D40600409228 /* Release */,
			);
			defaultConfigurationIsVisible = 0;
			defaultConfigurationName = Release;
		};
/* End XCConfigurationList section */

/* Begin XCVersionGroup section */
		AB1AD13E2293D40500409228 /* Books.xcdatamodeld */ = {
			isa = XCVersionGroup;
			children = (
				AB1AD13F2293D40500409228 /* Books.xcdatamodel */,
			);
			currentVersion = AB1AD13F2293D40500409228 /* Books.xcdatamodel */;
			path = Books.xcdatamodeld;
			sourceTree = "<group>";
			versionGroupType = wrapper.xcdatamodel;
		};
/* End XCVersionGroup section */
	};
	rootObject = AB1AD12C2293D40500409228 /* Project object */;
}
